# THIS IS AN AUTOGENERATED FILE. DO NOT EDIT THIS FILE DIRECTLY.
# yarn lockfile v1


"@figma/plugin-typings@^1.15.0":
  version "1.15.0"
  resolved "https://registry.yarnpkg.com/@figma/plugin-typings/-/plugin-typings-1.15.0.tgz#7563639f2ee44b118a136be78d754fa2cc4f3ede"
  integrity sha512-Lr6QShIKlQNW9qdnneGr5+TIXH+EvapyfDvaaZHj7rACqIEslkZmH1mV4AmQHEs9FK5rqJMmKfSkNUNM2fztPg==
